
Microsoft Visual Studio Solution File, Format Version 12.00
# Visual Studio Version 17
VisualStudioVersion = 17.9.34723.18
MinimumVisualStudioVersion = 10.0.40219.1
Project("{FAE04EC0-301F-11D3-BF4B-00C04F79EFBC}") = "Lab1task2", "Lab1task2\Lab1task2.csproj", "{D90FD5DE-286A-4CF7-A92C-3B7BAA51E248}"
EndProject
Global
	GlobalSection(SolutionConfigurationPlatforms) = preSolution
		Debug|Any CPU = Debug|Any CPU
		Release|Any CPU = Release|Any CPU
	EndGlobalSection
	GlobalSection(ProjectConfigurationPlatforms) = postSolution
		{D90FD5DE-286A-4CF7-A92C-3B7BAA51E248}.Debug|Any CPU.ActiveCfg = Debug|Any CPU
		{D90FD5DE-286A-4CF7-A92C-3B7BAA51E248}.Debug|Any CPU.Build.0 = Debug|Any CPU
		{D90FD5DE-286A-4CF7-A92C-3B7BAA51E248}.Release|Any CPU.ActiveCfg = Release|Any CPU
		{D90FD5DE-286A-4CF7-A92C-3B7BAA51E248}.Release|Any CPU.Build.0 = Release|Any CPU
	EndGlobalSection
	GlobalSection(SolutionProperties) = preSolution
		HideSolutionNode = FALSE
	EndGlobalSection
	GlobalSection(ExtensibilityGlobals) = postSolution
		SolutionGuid = {AEABA335-77FC-486D-9589-C54E2900E56A}
	EndGlobalSection
EndGlobal
